{
  "name": "beatgene",
  "version": "0.0.1",
  "lockfileVersion": 1,
  "requires": true,
  "dependencies": {
    "colors.css": {
      "version": "3.0.0",
      "resolved": "https://registry.npmjs.org/colors.css/-/colors.css-3.0.0.tgz",
      "integrity": "sha1-URz0L7inGZqMvvSciKTqTx2Pnvw="
    },
    "eventemitter2": {
      "version": "4.1.2",
      "resolved": "https://registry.npmjs.org/eventemitter2/-/eventemitter2-4.1.2.tgz",
      "integrity": "sha1-DhqEd6+CGm7zmVsxG/dMI6UkfxU="
    },
    "jsmidgen": {
      "version": "0.1.5",
      "resolved": "https://registry.npmjs.org/jsmidgen/-/jsmidgen-0.1.5.tgz",
      "integrity": "sha1-rQr9Y3XrEvUQZAJTk847rsOAWF0="
    },
    "konva": {
      "version": "1.7.6",
      "resolved": "https://registry.npmjs.org/konva/-/konva-1.7.6.tgz",
      "integrity": "sha512-TPYwJi3z3eK94N/eoPfYs8JXBcwrY8uC3GhllsKLCOXkdIpg51+M1ZCIM6sQtlmknRZOy1GGlCendzXajCj+fQ=="
    },
    "midievents": {
      "version": "1.0.1",
      "resolved": "https://registry.npmjs.org/midievents/-/midievents-1.0.1.tgz",
      "integrity": "sha1-98i6fvtlfyw7yAwsvRkRcjTSzFI="
    },
    "midifile": {
      "version": "1.0.4",
      "resolved": "https://registry.npmjs.org/midifile/-/midifile-1.0.4.tgz",
      "integrity": "sha1-b+FliZZ8EetIuky+JdV1XYxhwQs=",
      "requires": {
        "midievents": "1.0.1",
        "utf-8": "1.0.0"
      }
    },
    "midiplayer": {
      "version": "1.0.0",
      "resolved": "https://registry.npmjs.org/midiplayer/-/midiplayer-1.0.0.tgz",
      "integrity": "sha1-YsF/XkU8lA7ui164yISfv6C8oHY=",
      "requires": {
        "midievents": "1.0.1"
      }
    },
    "peaks.js": {
      "version": "0.9.5",
      "resolved": "https://registry.npmjs.org/peaks.js/-/peaks.js-0.9.5.tgz",
      "integrity": "sha512-lKqAbo6L1mfx0jFgjaGTsMLkqAFbBARh2R61qcmrKkNIk0huVlluvcZ3RsxwP7KHGgfR2llYP88YihZ21U3UUw==",
      "requires": {
        "colors.css": "3.0.0",
        "eventemitter2": "4.1.2",
        "konva": "1.7.6",
        "waveform-data": "2.0.1"
      }
    },
    "scribbletune": {
      "version": "0.11.2",
      "resolved": "https://registry.npmjs.org/scribbletune/-/scribbletune-0.11.2.tgz",
      "integrity": "sha1-qidmopIfgw3xIAZXiLm3kkn3kIM=",
      "requires": {
        "jsmidgen": "0.1.5"
      }
    },
    "string.fromcodepoint": {
      "version": "0.2.1",
      "resolved": "https://registry.npmjs.org/string.fromcodepoint/-/string.fromcodepoint-0.2.1.tgz",
      "integrity": "sha1-jZeDM8C8klOPUPOD5IiPPlYZ1lM="
    },
    "string.prototype.codepointat": {
      "version": "0.2.0",
      "resolved": "https://registry.npmjs.org/string.prototype.codepointat/-/string.prototype.codepointat-0.2.0.tgz",
      "integrity": "sha1-aybpvTr8qnvjtCabUm3huCAArHg="
    },
    "utf-8": {
      "version": "1.0.0",
      "resolved": "https://registry.npmjs.org/utf-8/-/utf-8-1.0.0.tgz",
      "integrity": "sha1-QpwJ+xrDLOuvVllh7aSMs/RSIZc=",
      "requires": {
        "string.fromcodepoint": "0.2.1",
        "string.prototype.codepointat": "0.2.0"
      }
    },
    "waveform-data": {
      "version": "2.0.1",
      "resolved": "https://registry.npmjs.org/waveform-data/-/waveform-data-2.0.1.tgz",
      "integrity": "sha1-MGztyaAkZelCd7ITu+DQPHxcmJo="
    }
  }
}
